
Microsoft Visual Studio Solution File, Format Version 12.00
# Visual Studio Version 17
VisualStudioVersion = 17.8.34322.80
MinimumVisualStudioVersion = 10.0.40219.1
Project("{FAE04EC0-301F-11D3-BF4B-00C04F79EFBC}") = "WpfAdmin", "WpfAdmin\WpfAdmin.csproj", "{74424263-8FA7-4DEE-B7A1-E474CC2818C4}"
EndProject
Project("{FAE04EC0-301F-11D3-BF4B-00C04F79EFBC}") = "WpfGebruiker", "WpfCostumer\WpfGebruiker.csproj", "{9D72E1BD-8DB9-4B88-812F-91C9C4CDD542}"
EndProject
Project("{FAE04EC0-301F-11D3-BF4B-00C04F79EFBC}") = "CLActiBuddy", "CLActiBuddy\CLActiBuddy.csproj", "{F9F7F4A9-8199-4524-B769-D121A1A0CFD9}"
EndProject
Global
	GlobalSection(SolutionConfigurationPlatforms) = preSolution
		Debug|Any CPU = Debug|Any CPU
		Release|Any CPU = Release|Any CPU
	EndGlobalSection
	GlobalSection(ProjectConfigurationPlatforms) = postSolution
		{74424263-8FA7-4DEE-B7A1-E474CC2818C4}.Debug|Any CPU.ActiveCfg = Debug|Any CPU
		{74424263-8FA7-4DEE-B7A1-E474CC2818C4}.Debug|Any CPU.Build.0 = Debug|Any CPU
		{74424263-8FA7-4DEE-B7A1-E474CC2818C4}.Release|Any CPU.ActiveCfg = Release|Any CPU
		{74424263-8FA7-4DEE-B7A1-E474CC2818C4}.Release|Any CPU.Build.0 = Release|Any CPU
		{9D72E1BD-8DB9-4B88-812F-91C9C4CDD542}.Debug|Any CPU.ActiveCfg = Debug|Any CPU
		{9D72E1BD-8DB9-4B88-812F-91C9C4CDD542}.Debug|Any CPU.Build.0 = Debug|Any CPU
		{9D72E1BD-8DB9-4B88-812F-91C9C4CDD542}.Release|Any CPU.ActiveCfg = Release|Any CPU
		{9D72E1BD-8DB9-4B88-812F-91C9C4CDD542}.Release|Any CPU.Build.0 = Release|Any CPU
		{F9F7F4A9-8199-4524-B769-D121A1A0CFD9}.Debug|Any CPU.ActiveCfg = Debug|Any CPU
		{F9F7F4A9-8199-4524-B769-D121A1A0CFD9}.Debug|Any CPU.Build.0 = Debug|Any CPU
		{F9F7F4A9-8199-4524-B769-D121A1A0CFD9}.Release|Any CPU.ActiveCfg = Release|Any CPU
		{F9F7F4A9-8199-4524-B769-D121A1A0CFD9}.Release|Any CPU.Build.0 = Release|Any CPU
	EndGlobalSection
	GlobalSection(SolutionProperties) = preSolution
		HideSolutionNode = FALSE
	EndGlobalSection
	GlobalSection(ExtensibilityGlobals) = postSolution
		SolutionGuid = {B42B7258-19E9-4FA3-A7D6-5D4E968B22E4}
	EndGlobalSection
EndGlobal
